
Microsoft Visual Studio Solution File, Format Version 12.00
# Visual Studio 15
VisualStudioVersion = 15.0.26124.0
MinimumVisualStudioVersion = 15.0.26124.0
Project("{FAE04EC0-301F-11D3-BF4B-00C04F79EFBC}") = "RobotWars.Game", "RobotWars.Game\RobotWars.Game.csproj", "{61A1D085-34E3-41C0-8C04-BB909CCE82CD}"
EndProject
Project("{FAE04EC0-301F-11D3-BF4B-00C04F79EFBC}") = "RobotWars.Data", "RobotWars.Data\RobotWars.Data.csproj", "{6E2303F0-DC4F-46CC-9C69-4D88A10F87E4}"
EndProject
Project("{FAE04EC0-301F-11D3-BF4B-00C04F79EFBC}") = "RobotWars.Test", "RobotWars.Test\RobotWars.Test.csproj", "{C9303E84-4465-4378-981F-0AB433D316ED}"
EndProject
Global
	GlobalSection(SolutionConfigurationPlatforms) = preSolution
		Debug|Any CPU = Debug|Any CPU
		Debug|x64 = Debug|x64
		Debug|x86 = Debug|x86
		Release|Any CPU = Release|Any CPU
		Release|x64 = Release|x64
		Release|x86 = Release|x86
	EndGlobalSection
	GlobalSection(ProjectConfigurationPlatforms) = postSolution
		{61A1D085-34E3-41C0-8C04-BB909CCE82CD}.Debug|Any CPU.ActiveCfg = Debug|Any CPU
		{61A1D085-34E3-41C0-8C04-BB909CCE82CD}.Debug|Any CPU.Build.0 = Debug|Any CPU
		{61A1D085-34E3-41C0-8C04-BB909CCE82CD}.Debug|x64.ActiveCfg = Debug|Any CPU
		{61A1D085-34E3-41C0-8C04-BB909CCE82CD}.Debug|x64.Build.0 = Debug|Any CPU
		{61A1D085-34E3-41C0-8C04-BB909CCE82CD}.Debug|x86.ActiveCfg = Debug|Any CPU
		{61A1D085-34E3-41C0-8C04-BB909CCE82CD}.Debug|x86.Build.0 = Debug|Any CPU
		{61A1D085-34E3-41C0-8C04-BB909CCE82CD}.Release|Any CPU.ActiveCfg = Release|Any CPU
		{61A1D085-34E3-41C0-8C04-BB909CCE82CD}.Release|Any CPU.Build.0 = Release|Any CPU
		{61A1D085-34E3-41C0-8C04-BB909CCE82CD}.Release|x64.ActiveCfg = Release|Any CPU
		{61A1D085-34E3-41C0-8C04-BB909CCE82CD}.Release|x64.Build.0 = Release|Any CPU
		{61A1D085-34E3-41C0-8C04-BB909CCE82CD}.Release|x86.ActiveCfg = Release|Any CPU
		{61A1D085-34E3-41C0-8C04-BB909CCE82CD}.Release|x86.Build.0 = Release|Any CPU
		{6E2303F0-DC4F-46CC-9C69-4D88A10F87E4}.Debug|Any CPU.ActiveCfg = Debug|Any CPU
		{6E2303F0-DC4F-46CC-9C69-4D88A10F87E4}.Debug|Any CPU.Build.0 = Debug|Any CPU
		{6E2303F0-DC4F-46CC-9C69-4D88A10F87E4}.Debug|x64.ActiveCfg = Debug|Any CPU
		{6E2303F0-DC4F-46CC-9C69-4D88A10F87E4}.Debug|x64.Build.0 = Debug|Any CPU
		{6E2303F0-DC4F-46CC-9C69-4D88A10F87E4}.Debug|x86.ActiveCfg = Debug|Any CPU
		{6E2303F0-DC4F-46CC-9C69-4D88A10F87E4}.Debug|x86.Build.0 = Debug|Any CPU
		{6E2303F0-DC4F-46CC-9C69-4D88A10F87E4}.Release|Any CPU.ActiveCfg = Release|Any CPU
		{6E2303F0-DC4F-46CC-9C69-4D88A10F87E4}.Release|Any CPU.Build.0 = Release|Any CPU
		{6E2303F0-DC4F-46CC-9C69-4D88A10F87E4}.Release|x64.ActiveCfg = Release|Any CPU
		{6E2303F0-DC4F-46CC-9C69-4D88A10F87E4}.Release|x64.Build.0 = Release|Any CPU
		{6E2303F0-DC4F-46CC-9C69-4D88A10F87E4}.Release|x86.ActiveCfg = Release|Any CPU
		{6E2303F0-DC4F-46CC-9C69-4D88A10F87E4}.Release|x86.Build.0 = Release|Any CPU
		{C9303E84-4465-4378-981F-0AB433D316ED}.Debug|Any CPU.ActiveCfg = Debug|Any CPU
		{C9303E84-4465-4378-981F-0AB433D316ED}.Debug|Any CPU.Build.0 = Debug|Any CPU
		{C9303E84-4465-4378-981F-0AB433D316ED}.Debug|x64.ActiveCfg = Debug|Any CPU
		{C9303E84-4465-4378-981F-0AB433D316ED}.Debug|x64.Build.0 = Debug|Any CPU
		{C9303E84-4465-4378-981F-0AB433D316ED}.Debug|x86.ActiveCfg = Debug|Any CPU
		{C9303E84-4465-4378-981F-0AB433D316ED}.Debug|x86.Build.0 = Debug|Any CPU
		{C9303E84-4465-4378-981F-0AB433D316ED}.Release|Any CPU.ActiveCfg = Release|Any CPU
		{C9303E84-4465-4378-981F-0AB433D316ED}.Release|Any CPU.Build.0 = Release|Any CPU
		{C9303E84-4465-4378-981F-0AB433D316ED}.Release|x64.ActiveCfg = Release|Any CPU
		{C9303E84-4465-4378-981F-0AB433D316ED}.Release|x64.Build.0 = Release|Any CPU
		{C9303E84-4465-4378-981F-0AB433D316ED}.Release|x86.ActiveCfg = Release|Any CPU
		{C9303E84-4465-4378-981F-0AB433D316ED}.Release|x86.Build.0 = Release|Any CPU
	EndGlobalSection
	GlobalSection(SolutionProperties) = preSolution
		HideSolutionNode = FALSE
	EndGlobalSection
	GlobalSection(ExtensibilityGlobals) = postSolution
		SolutionGuid = {9162723A-53AD-41F1-994E-77332DF1E261}
	EndGlobalSection
EndGlobal
